
Microsoft Visual Studio Solution File, Format Version 12.00
# Visual Studio 15
VisualStudioVersion = 15.0.26730.16
MinimumVisualStudioVersion = 10.0.40219.1
Project("{FAE04EC0-301F-11D3-BF4B-00C04F79EFBC}") = "Wpf.Gui", "Wpf.Gui\Wpf.Gui.csproj", "{ECB59245-EF4B-4767-A057-CFCC1642B08A}"
EndProject
Project("{FAE04EC0-301F-11D3-BF4B-00C04F79EFBC}") = "Algorithms.Common", "Algorithms.Common\Algorithms.Common.csproj", "{0163A9D3-14BC-471D-BBFE-0DEB9B36995A}"
EndProject
Project("{FAE04EC0-301F-11D3-BF4B-00C04F79EFBC}") = "Algorithms.CommandLine", "Algorithms.CommandLine\Algorithms.CommandLine.csproj", "{5E69F079-045D-4E4A-8B82-52C543C156F9}"
EndProject
Project("{FAE04EC0-301F-11D3-BF4B-00C04F79EFBC}") = "Algorithms.Sort", "Algorithms.Sort\Algorithms.Sort.csproj", "{6DEFB350-B2A0-431C-A5C8-5E554ECACC91}"
EndProject
Project("{2150E333-8FDC-42A3-9474-1A3956D46DE8}") = "Tests", "Tests", "{3EFF55AE-E7B8-4246-9929-147A809D8058}"
EndProject
Project("{FAE04EC0-301F-11D3-BF4B-00C04F79EFBC}") = "Algorithms.Sort.Tests", "Tests\Algorithms.Sort.Tests\Algorithms.Sort.Tests.csproj", "{C830781F-B892-4180-8C9C-0FE1378ABFC3}"
EndProject
Project("{FAE04EC0-301F-11D3-BF4B-00C04F79EFBC}") = "Algorithms.Common.Tests", "Tests\Algorithms.Common.Tests\Algorithms.Common.Tests.csproj", "{0A623DDC-29FB-4C38-9DFE-3127266A8366}"
EndProject
Global
	GlobalSection(SolutionConfigurationPlatforms) = preSolution
		Debug|Any CPU = Debug|Any CPU
		Release|Any CPU = Release|Any CPU
	EndGlobalSection
	GlobalSection(ProjectConfigurationPlatforms) = postSolution
		{ECB59245-EF4B-4767-A057-CFCC1642B08A}.Debug|Any CPU.ActiveCfg = Debug|Any CPU
		{ECB59245-EF4B-4767-A057-CFCC1642B08A}.Debug|Any CPU.Build.0 = Debug|Any CPU
		{ECB59245-EF4B-4767-A057-CFCC1642B08A}.Release|Any CPU.ActiveCfg = Release|Any CPU
		{ECB59245-EF4B-4767-A057-CFCC1642B08A}.Release|Any CPU.Build.0 = Release|Any CPU
		{0163A9D3-14BC-471D-BBFE-0DEB9B36995A}.Debug|Any CPU.ActiveCfg = Debug|Any CPU
		{0163A9D3-14BC-471D-BBFE-0DEB9B36995A}.Debug|Any CPU.Build.0 = Debug|Any CPU
		{0163A9D3-14BC-471D-BBFE-0DEB9B36995A}.Release|Any CPU.ActiveCfg = Release|Any CPU
		{0163A9D3-14BC-471D-BBFE-0DEB9B36995A}.Release|Any CPU.Build.0 = Release|Any CPU
		{5E69F079-045D-4E4A-8B82-52C543C156F9}.Debug|Any CPU.ActiveCfg = Debug|Any CPU
		{5E69F079-045D-4E4A-8B82-52C543C156F9}.Debug|Any CPU.Build.0 = Debug|Any CPU
		{5E69F079-045D-4E4A-8B82-52C543C156F9}.Release|Any CPU.ActiveCfg = Release|Any CPU
		{5E69F079-045D-4E4A-8B82-52C543C156F9}.Release|Any CPU.Build.0 = Release|Any CPU
		{6DEFB350-B2A0-431C-A5C8-5E554ECACC91}.Debug|Any CPU.ActiveCfg = Debug|Any CPU
		{6DEFB350-B2A0-431C-A5C8-5E554ECACC91}.Debug|Any CPU.Build.0 = Debug|Any CPU
		{6DEFB350-B2A0-431C-A5C8-5E554ECACC91}.Release|Any CPU.ActiveCfg = Release|Any CPU
		{6DEFB350-B2A0-431C-A5C8-5E554ECACC91}.Release|Any CPU.Build.0 = Release|Any CPU
		{C830781F-B892-4180-8C9C-0FE1378ABFC3}.Debug|Any CPU.ActiveCfg = Debug|Any CPU
		{C830781F-B892-4180-8C9C-0FE1378ABFC3}.Debug|Any CPU.Build.0 = Debug|Any CPU
		{C830781F-B892-4180-8C9C-0FE1378ABFC3}.Release|Any CPU.ActiveCfg = Release|Any CPU
		{C830781F-B892-4180-8C9C-0FE1378ABFC3}.Release|Any CPU.Build.0 = Release|Any CPU
		{0A623DDC-29FB-4C38-9DFE-3127266A8366}.Debug|Any CPU.ActiveCfg = Debug|Any CPU
		{0A623DDC-29FB-4C38-9DFE-3127266A8366}.Debug|Any CPU.Build.0 = Debug|Any CPU
		{0A623DDC-29FB-4C38-9DFE-3127266A8366}.Release|Any CPU.ActiveCfg = Release|Any CPU
		{0A623DDC-29FB-4C38-9DFE-3127266A8366}.Release|Any CPU.Build.0 = Release|Any CPU
	EndGlobalSection
	GlobalSection(SolutionProperties) = preSolution
		HideSolutionNode = FALSE
	EndGlobalSection
	GlobalSection(NestedProjects) = preSolution
		{C830781F-B892-4180-8C9C-0FE1378ABFC3} = {3EFF55AE-E7B8-4246-9929-147A809D8058}
		{0A623DDC-29FB-4C38-9DFE-3127266A8366} = {3EFF55AE-E7B8-4246-9929-147A809D8058}
	EndGlobalSection
	GlobalSection(ExtensibilityGlobals) = postSolution
		SolutionGuid = {73221AC6-6E0C-42D0-A1B0-7B6582486E2D}
	EndGlobalSection
EndGlobal
